Microsoft Visual Studio Solution File, Format Version 12.00
# Visual Studio 2012
Project("{FAE04EC0-301F-11D3-BF4B-00C04F79EFBC}") = "Dialog2DayGame", "Dialog2DayGame.csproj", "{768CC0AC-7F92-4206-B02C-CFA11F939561}"
EndProject
Global
	GlobalSection(SolutionConfigurationPlatforms) = preSolution
	Debug|Any CPU = Debug|Any CPU
	ExportDebug|Any CPU = ExportDebug|Any CPU
	ExportRelease|Any CPU = ExportRelease|Any CPU
	EndGlobalSection
	GlobalSection(ProjectConfigurationPlatforms) = postSolution
		{768CC0AC-7F92-4206-B02C-CFA11F939561}.Debug|Any CPU.ActiveCfg = Debug|Any CPU
		{768CC0AC-7F92-4206-B02C-CFA11F939561}.Debug|Any CPU.Build.0 = Debug|Any CPU
		{768CC0AC-7F92-4206-B02C-CFA11F939561}.ExportDebug|Any CPU.ActiveCfg = ExportDebug|Any CPU
		{768CC0AC-7F92-4206-B02C-CFA11F939561}.ExportDebug|Any CPU.Build.0 = ExportDebug|Any CPU
		{768CC0AC-7F92-4206-B02C-CFA11F939561}.ExportRelease|Any CPU.ActiveCfg = ExportRelease|Any CPU
		{768CC0AC-7F92-4206-B02C-CFA11F939561}.ExportRelease|Any CPU.Build.0 = ExportRelease|Any CPU
	EndGlobalSection
EndGlobal
